
Microsoft Visual Studio Solution File, Format Version 12.00
# Visual Studio 15
VisualStudioVersion = 15.0.27130.2024
MinimumVisualStudioVersion = 10.0.40219.1
Project("{FAE04EC0-301F-11D3-BF4B-00C04F79EFBC}") = "BackPropagationXor", "BackPropagationXor\BackPropagationXor.csproj", "{855BC27A-A488-4423-8A29-AA9D893ABCFA}"
EndProject
Project("{FAE04EC0-301F-11D3-BF4B-00C04F79EFBC}") = "CCodeGenerator", "CCodeGenerator\CCodeGenerator.csproj", "{1D7CF937-624D-4D78-9A5E-8C75E0C00987}"
EndProject
Project("{FAE04EC0-301F-11D3-BF4B-00C04F79EFBC}") = "FachprojektAufgabe1", "FachprojektAufgabe1\FachprojektAufgabe1.csproj", "{1453F76D-5EC4-437C-9898-4E069D97628F}"
EndProject
Project("{FAE04EC0-301F-11D3-BF4B-00C04F79EFBC}") = "FachprojektAufgabe2", "FachprojektAufgabe2\FachprojektAufgabe2.csproj", "{590F0178-3DA2-4857-A00E-A59EE4F41E94}"
EndProject
Project("{8BC9CEB8-8B4A-11D0-8D11-00A0C91BC942}") = "FachprojektAufgabe3", "FachProjektAufgabe3\FachprojektAufgabe3.vcxproj", "{57B9E757-0BA2-4C45-80B0-79E7D42510AC}"
EndProject
Project("{FAE04EC0-301F-11D3-BF4B-00C04F79EFBC}") = "ImagePreprocessing", "ImagePreprocessing\ImagePreprocessing.csproj", "{A86DF1C8-178E-4C52-821B-D36E23C7A9DC}"
EndProject
Project("{8BC9CEB8-8B4A-11D0-8D11-00A0C91BC942}") = "FachprojektAufgabe4", "FachprojektAufgabe4\FachprojektAufgabe4.vcxproj", "{7672D91F-D77E-4BA5-9014-25463BF66F03}"
EndProject
Project("{FAE04EC0-301F-11D3-BF4B-00C04F79EFBC}") = "FachprojektAufgabe5", "FachprojektAufgabe5\FachprojektAufgabe5.csproj", "{791E440B-65DD-44FA-B15F-AAE807EE435C}"
EndProject
Project("{FAE04EC0-301F-11D3-BF4B-00C04F79EFBC}") = "FachprojektLibrary", "FachprojektLibrary\FachprojektLibrary.csproj", "{A6CACF91-8D28-4EFE-BF0A-C40F2128769C}"
EndProject
Project("{9A19103F-16F7-4668-BE54-9A1E7A4F7556}") = "HardcodedNetwork", "HardcodedNetwork\HardcodedNetwork.csproj", "{1B376BA0-C36A-4391-8A6E-0F0EF4F4980E}"
EndProject
Project("{FAE04EC0-301F-11D3-BF4B-00C04F79EFBC}") = "TestNetwork", "TestNetwork\TestNetwork.csproj", "{E7EB6284-CDF7-4C4C-9BD9-6F8E6B0C1862}"
EndProject
Global
	GlobalSection(SolutionConfigurationPlatforms) = preSolution
		Debug|Any CPU = Debug|Any CPU
		Debug|x64 = Debug|x64
		Debug|x86 = Debug|x86
		Release|Any CPU = Release|Any CPU
		Release|x64 = Release|x64
		Release|x86 = Release|x86
	EndGlobalSection
	GlobalSection(ProjectConfigurationPlatforms) = postSolution
		{855BC27A-A488-4423-8A29-AA9D893ABCFA}.Debug|Any CPU.ActiveCfg = Debug|Any CPU
		{855BC27A-A488-4423-8A29-AA9D893ABCFA}.Debug|Any CPU.Build.0 = Debug|Any CPU
		{855BC27A-A488-4423-8A29-AA9D893ABCFA}.Debug|x64.ActiveCfg = Debug|Any CPU
		{855BC27A-A488-4423-8A29-AA9D893ABCFA}.Debug|x64.Build.0 = Debug|Any CPU
		{855BC27A-A488-4423-8A29-AA9D893ABCFA}.Debug|x86.ActiveCfg = Debug|Any CPU
		{855BC27A-A488-4423-8A29-AA9D893ABCFA}.Debug|x86.Build.0 = Debug|Any CPU
		{855BC27A-A488-4423-8A29-AA9D893ABCFA}.Release|Any CPU.ActiveCfg = Release|Any CPU
		{855BC27A-A488-4423-8A29-AA9D893ABCFA}.Release|Any CPU.Build.0 = Release|Any CPU
		{855BC27A-A488-4423-8A29-AA9D893ABCFA}.Release|x64.ActiveCfg = Release|Any CPU
		{855BC27A-A488-4423-8A29-AA9D893ABCFA}.Release|x64.Build.0 = Release|Any CPU
		{855BC27A-A488-4423-8A29-AA9D893ABCFA}.Release|x86.ActiveCfg = Release|Any CPU
		{855BC27A-A488-4423-8A29-AA9D893ABCFA}.Release|x86.Build.0 = Release|Any CPU
		{1D7CF937-624D-4D78-9A5E-8C75E0C00987}.Debug|Any CPU.ActiveCfg = Debug|Any CPU
		{1D7CF937-624D-4D78-9A5E-8C75E0C00987}.Debug|Any CPU.Build.0 = Debug|Any CPU
		{1D7CF937-624D-4D78-9A5E-8C75E0C00987}.Debug|x64.ActiveCfg = Debug|Any CPU
		{1D7CF937-624D-4D78-9A5E-8C75E0C00987}.Debug|x64.Build.0 = Debug|Any CPU
		{1D7CF937-624D-4D78-9A5E-8C75E0C00987}.Debug|x86.ActiveCfg = Debug|Any CPU
		{1D7CF937-624D-4D78-9A5E-8C75E0C00987}.Debug|x86.Build.0 = Debug|Any CPU
		{1D7CF937-624D-4D78-9A5E-8C75E0C00987}.Release|Any CPU.ActiveCfg = Release|Any CPU
		{1D7CF937-624D-4D78-9A5E-8C75E0C00987}.Release|Any CPU.Build.0 = Release|Any CPU
		{1D7CF937-624D-4D78-9A5E-8C75E0C00987}.Release|x64.ActiveCfg = Release|Any CPU
		{1D7CF937-624D-4D78-9A5E-8C75E0C00987}.Release|x64.Build.0 = Release|Any CPU
		{1D7CF937-624D-4D78-9A5E-8C75E0C00987}.Release|x86.ActiveCfg = Release|Any CPU
		{1D7CF937-624D-4D78-9A5E-8C75E0C00987}.Release|x86.Build.0 = Release|Any CPU
		{1453F76D-5EC4-437C-9898-4E069D97628F}.Debug|Any CPU.ActiveCfg = Debug|Any CPU
		{1453F76D-5EC4-437C-9898-4E069D97628F}.Debug|Any CPU.Build.0 = Debug|Any CPU
		{1453F76D-5EC4-437C-9898-4E069D97628F}.Debug|x64.ActiveCfg = Debug|Any CPU
		{1453F76D-5EC4-437C-9898-4E069D97628F}.Debug|x64.Build.0 = Debug|Any CPU
		{1453F76D-5EC4-437C-9898-4E069D97628F}.Debug|x86.ActiveCfg = Debug|Any CPU
		{1453F76D-5EC4-437C-9898-4E069D97628F}.Debug|x86.Build.0 = Debug|Any CPU
		{1453F76D-5EC4-437C-9898-4E069D97628F}.Release|Any CPU.ActiveCfg = Release|Any CPU
		{1453F76D-5EC4-437C-9898-4E069D97628F}.Release|Any CPU.Build.0 = Release|Any CPU
		{1453F76D-5EC4-437C-9898-4E069D97628F}.Release|x64.ActiveCfg = Release|Any CPU
		{1453F76D-5EC4-437C-9898-4E069D97628F}.Release|x64.Build.0 = Release|Any CPU
		{1453F76D-5EC4-437C-9898-4E069D97628F}.Release|x86.ActiveCfg = Release|Any CPU
		{1453F76D-5EC4-437C-9898-4E069D97628F}.Release|x86.Build.0 = Release|Any CPU
		{590F0178-3DA2-4857-A00E-A59EE4F41E94}.Debug|Any CPU.ActiveCfg = Debug|Any CPU
		{590F0178-3DA2-4857-A00E-A59EE4F41E94}.Debug|Any CPU.Build.0 = Debug|Any CPU
		{590F0178-3DA2-4857-A00E-A59EE4F41E94}.Debug|x64.ActiveCfg = Debug|Any CPU
		{590F0178-3DA2-4857-A00E-A59EE4F41E94}.Debug|x64.Build.0 = Debug|Any CPU
		{590F0178-3DA2-4857-A00E-A59EE4F41E94}.Debug|x86.ActiveCfg = Debug|Any CPU
		{590F0178-3DA2-4857-A00E-A59EE4F41E94}.Debug|x86.Build.0 = Debug|Any CPU
		{590F0178-3DA2-4857-A00E-A59EE4F41E94}.Release|Any CPU.ActiveCfg = Release|Any CPU
		{590F0178-3DA2-4857-A00E-A59EE4F41E94}.Release|Any CPU.Build.0 = Release|Any CPU
		{590F0178-3DA2-4857-A00E-A59EE4F41E94}.Release|x64.ActiveCfg = Release|Any CPU
		{590F0178-3DA2-4857-A00E-A59EE4F41E94}.Release|x64.Build.0 = Release|Any CPU
		{590F0178-3DA2-4857-A00E-A59EE4F41E94}.Release|x86.ActiveCfg = Release|Any CPU
		{590F0178-3DA2-4857-A00E-A59EE4F41E94}.Release|x86.Build.0 = Release|Any CPU
		{57B9E757-0BA2-4C45-80B0-79E7D42510AC}.Debug|Any CPU.ActiveCfg = Debug|Win32
		{57B9E757-0BA2-4C45-80B0-79E7D42510AC}.Debug|x64.ActiveCfg = Debug|x64
		{57B9E757-0BA2-4C45-80B0-79E7D42510AC}.Debug|x64.Build.0 = Debug|x64
		{57B9E757-0BA2-4C45-80B0-79E7D42510AC}.Debug|x86.ActiveCfg = Debug|Win32
		{57B9E757-0BA2-4C45-80B0-79E7D42510AC}.Debug|x86.Build.0 = Debug|Win32
		{57B9E757-0BA2-4C45-80B0-79E7D42510AC}.Release|Any CPU.ActiveCfg = Release|Win32
		{57B9E757-0BA2-4C45-80B0-79E7D42510AC}.Release|x64.ActiveCfg = Release|x64
		{57B9E757-0BA2-4C45-80B0-79E7D42510AC}.Release|x64.Build.0 = Release|x64
		{57B9E757-0BA2-4C45-80B0-79E7D42510AC}.Release|x86.ActiveCfg = Release|Win32
		{57B9E757-0BA2-4C45-80B0-79E7D42510AC}.Release|x86.Build.0 = Release|Win32
		{A86DF1C8-178E-4C52-821B-D36E23C7A9DC}.Debug|Any CPU.ActiveCfg = Debug|Any CPU
		{A86DF1C8-178E-4C52-821B-D36E23C7A9DC}.Debug|Any CPU.Build.0 = Debug|Any CPU
		{A86DF1C8-178E-4C52-821B-D36E23C7A9DC}.Debug|x64.ActiveCfg = Debug|Any CPU
		{A86DF1C8-178E-4C52-821B-D36E23C7A9DC}.Debug|x64.Build.0 = Debug|Any CPU
		{A86DF1C8-178E-4C52-821B-D36E23C7A9DC}.Debug|x86.ActiveCfg = Debug|Any CPU
		{A86DF1C8-178E-4C52-821B-D36E23C7A9DC}.Debug|x86.Build.0 = Debug|Any CPU
		{A86DF1C8-178E-4C52-821B-D36E23C7A9DC}.Release|Any CPU.ActiveCfg = Release|Any CPU
		{A86DF1C8-178E-4C52-821B-D36E23C7A9DC}.Release|Any CPU.Build.0 = Release|Any CPU
		{A86DF1C8-178E-4C52-821B-D36E23C7A9DC}.Release|x64.ActiveCfg = Release|Any CPU
		{A86DF1C8-178E-4C52-821B-D36E23C7A9DC}.Release|x64.Build.0 = Release|Any CPU
		{A86DF1C8-178E-4C52-821B-D36E23C7A9DC}.Release|x86.ActiveCfg = Release|Any CPU
		{A86DF1C8-178E-4C52-821B-D36E23C7A9DC}.Release|x86.Build.0 = Release|Any CPU
		{7672D91F-D77E-4BA5-9014-25463BF66F03}.Debug|Any CPU.ActiveCfg = Debug|Win32
		{7672D91F-D77E-4BA5-9014-25463BF66F03}.Debug|x64.ActiveCfg = Debug|x64
		{7672D91F-D77E-4BA5-9014-25463BF66F03}.Debug|x64.Build.0 = Debug|x64
		{7672D91F-D77E-4BA5-9014-25463BF66F03}.Debug|x86.ActiveCfg = Debug|Win32
		{7672D91F-D77E-4BA5-9014-25463BF66F03}.Debug|x86.Build.0 = Debug|Win32
		{7672D91F-D77E-4BA5-9014-25463BF66F03}.Release|Any CPU.ActiveCfg = Release|Win32
		{7672D91F-D77E-4BA5-9014-25463BF66F03}.Release|x64.ActiveCfg = Release|x64
		{7672D91F-D77E-4BA5-9014-25463BF66F03}.Release|x64.Build.0 = Release|x64
		{7672D91F-D77E-4BA5-9014-25463BF66F03}.Release|x86.ActiveCfg = Release|Win32
		{7672D91F-D77E-4BA5-9014-25463BF66F03}.Release|x86.Build.0 = Release|Win32
		{791E440B-65DD-44FA-B15F-AAE807EE435C}.Debug|Any CPU.ActiveCfg = Debug|Any CPU
		{791E440B-65DD-44FA-B15F-AAE807EE435C}.Debug|Any CPU.Build.0 = Debug|Any CPU
		{791E440B-65DD-44FA-B15F-AAE807EE435C}.Debug|x64.ActiveCfg = Debug|Any CPU
		{791E440B-65DD-44FA-B15F-AAE807EE435C}.Debug|x64.Build.0 = Debug|Any CPU
		{791E440B-65DD-44FA-B15F-AAE807EE435C}.Debug|x86.ActiveCfg = Debug|Any CPU
		{791E440B-65DD-44FA-B15F-AAE807EE435C}.Debug|x86.Build.0 = Debug|Any CPU
		{791E440B-65DD-44FA-B15F-AAE807EE435C}.Release|Any CPU.ActiveCfg = Release|Any CPU
		{791E440B-65DD-44FA-B15F-AAE807EE435C}.Release|Any CPU.Build.0 = Release|Any CPU
		{791E440B-65DD-44FA-B15F-AAE807EE435C}.Release|x64.ActiveCfg = Release|Any CPU
		{791E440B-65DD-44FA-B15F-AAE807EE435C}.Release|x64.Build.0 = Release|Any CPU
		{791E440B-65DD-44FA-B15F-AAE807EE435C}.Release|x86.ActiveCfg = Release|Any CPU
		{791E440B-65DD-44FA-B15F-AAE807EE435C}.Release|x86.Build.0 = Release|Any CPU
		{A6CACF91-8D28-4EFE-BF0A-C40F2128769C}.Debug|Any CPU.ActiveCfg = Debug|Any CPU
		{A6CACF91-8D28-4EFE-BF0A-C40F2128769C}.Debug|Any CPU.Build.0 = Debug|Any CPU
		{A6CACF91-8D28-4EFE-BF0A-C40F2128769C}.Debug|x64.ActiveCfg = Debug|Any CPU
		{A6CACF91-8D28-4EFE-BF0A-C40F2128769C}.Debug|x64.Build.0 = Debug|Any CPU
		{A6CACF91-8D28-4EFE-BF0A-C40F2128769C}.Debug|x86.ActiveCfg = Debug|Any CPU
		{A6CACF91-8D28-4EFE-BF0A-C40F2128769C}.Debug|x86.Build.0 = Debug|Any CPU
		{A6CACF91-8D28-4EFE-BF0A-C40F2128769C}.Release|Any CPU.ActiveCfg = Release|Any CPU
		{A6CACF91-8D28-4EFE-BF0A-C40F2128769C}.Release|Any CPU.Build.0 = Release|Any CPU
		{A6CACF91-8D28-4EFE-BF0A-C40F2128769C}.Release|x64.ActiveCfg = Release|Any CPU
		{A6CACF91-8D28-4EFE-BF0A-C40F2128769C}.Release|x64.Build.0 = Release|Any CPU
		{A6CACF91-8D28-4EFE-BF0A-C40F2128769C}.Release|x86.ActiveCfg = Release|Any CPU
		{A6CACF91-8D28-4EFE-BF0A-C40F2128769C}.Release|x86.Build.0 = Release|Any CPU
		{1B376BA0-C36A-4391-8A6E-0F0EF4F4980E}.Debug|Any CPU.ActiveCfg = Debug|Any CPU
		{1B376BA0-C36A-4391-8A6E-0F0EF4F4980E}.Debug|Any CPU.Build.0 = Debug|Any CPU
		{1B376BA0-C36A-4391-8A6E-0F0EF4F4980E}.Debug|x64.ActiveCfg = Debug|Any CPU
		{1B376BA0-C36A-4391-8A6E-0F0EF4F4980E}.Debug|x64.Build.0 = Debug|Any CPU
		{1B376BA0-C36A-4391-8A6E-0F0EF4F4980E}.Debug|x86.ActiveCfg = Debug|Any CPU
		{1B376BA0-C36A-4391-8A6E-0F0EF4F4980E}.Debug|x86.Build.0 = Debug|Any CPU
		{1B376BA0-C36A-4391-8A6E-0F0EF4F4980E}.Release|Any CPU.ActiveCfg = Release|Any CPU
		{1B376BA0-C36A-4391-8A6E-0F0EF4F4980E}.Release|Any CPU.Build.0 = Release|Any CPU
		{1B376BA0-C36A-4391-8A6E-0F0EF4F4980E}.Release|x64.ActiveCfg = Release|Any CPU
		{1B376BA0-C36A-4391-8A6E-0F0EF4F4980E}.Release|x64.Build.0 = Release|Any CPU
		{1B376BA0-C36A-4391-8A6E-0F0EF4F4980E}.Release|x86.ActiveCfg = Release|Any CPU
		{1B376BA0-C36A-4391-8A6E-0F0EF4F4980E}.Release|x86.Build.0 = Release|Any CPU
		{E7EB6284-CDF7-4C4C-9BD9-6F8E6B0C1862}.Debug|Any CPU.ActiveCfg = Debug|Any CPU
		{E7EB6284-CDF7-4C4C-9BD9-6F8E6B0C1862}.Debug|Any CPU.Build.0 = Debug|Any CPU
		{E7EB6284-CDF7-4C4C-9BD9-6F8E6B0C1862}.Debug|x64.ActiveCfg = Debug|Any CPU
		{E7EB6284-CDF7-4C4C-9BD9-6F8E6B0C1862}.Debug|x64.Build.0 = Debug|Any CPU
		{E7EB6284-CDF7-4C4C-9BD9-6F8E6B0C1862}.Debug|x86.ActiveCfg = Debug|Any CPU
		{E7EB6284-CDF7-4C4C-9BD9-6F8E6B0C1862}.Debug|x86.Build.0 = Debug|Any CPU
		{E7EB6284-CDF7-4C4C-9BD9-6F8E6B0C1862}.Release|Any CPU.ActiveCfg = Release|Any CPU
		{E7EB6284-CDF7-4C4C-9BD9-6F8E6B0C1862}.Release|Any CPU.Build.0 = Release|Any CPU
		{E7EB6284-CDF7-4C4C-9BD9-6F8E6B0C1862}.Release|x64.ActiveCfg = Release|Any CPU
		{E7EB6284-CDF7-4C4C-9BD9-6F8E6B0C1862}.Release|x64.Build.0 = Release|Any CPU
		{E7EB6284-CDF7-4C4C-9BD9-6F8E6B0C1862}.Release|x86.ActiveCfg = Release|Any CPU
		{E7EB6284-CDF7-4C4C-9BD9-6F8E6B0C1862}.Release|x86.Build.0 = Release|Any CPU
	EndGlobalSection
	GlobalSection(SolutionProperties) = preSolution
		HideSolutionNode = FALSE
	EndGlobalSection
	GlobalSection(ExtensibilityGlobals) = postSolution
		SolutionGuid = {2E5FE73E-C030-485B-9D58-D17BBFEE2C10}
	EndGlobalSection
EndGlobal
